
Microsoft Visual Studio Solution File, Format Version 12.00
# Visual Studio Version 16
VisualStudioVersion = 16.0.30503.244
MinimumVisualStudioVersion = 10.0.40219.1
Project("{FAE04EC0-301F-11D3-BF4B-00C04F79EFBC}") = "75Hard.Android", "75Hard\75Hard.Android\75Hard.Android.csproj", "{A1A2DCA2-4515-4F64-BE44-ED567ECF74E8}"
EndProject
Project("{FAE04EC0-301F-11D3-BF4B-00C04F79EFBC}") = "75Hard.iOS", "75Hard\75Hard.iOS\75Hard.iOS.csproj", "{A3F6DA9E-AB64-4B71-911C-ED04B9AA5C37}"
EndProject
Project("{FAE04EC0-301F-11D3-BF4B-00C04F79EFBC}") = "75Hard", "75Hard\75Hard\75Hard.csproj", "{25657187-6F75-4422-AF73-2EE7640CB9A8}"
EndProject
Global
	GlobalSection(SolutionConfigurationPlatforms) = preSolution
		Debug|Any CPU = Debug|Any CPU
		Debug|iPhone = Debug|iPhone
		Debug|iPhoneSimulator = Debug|iPhoneSimulator
		Release|Any CPU = Release|Any CPU
		Release|iPhone = Release|iPhone
		Release|iPhoneSimulator = Release|iPhoneSimulator
	EndGlobalSection
	GlobalSection(ProjectConfigurationPlatforms) = postSolution
		{A1A2DCA2-4515-4F64-BE44-ED567ECF74E8}.Debug|Any CPU.ActiveCfg = Debug|Any CPU
		{A1A2DCA2-4515-4F64-BE44-ED567ECF74E8}.Debug|Any CPU.Build.0 = Debug|Any CPU
		{A1A2DCA2-4515-4F64-BE44-ED567ECF74E8}.Debug|Any CPU.Deploy.0 = Debug|Any CPU
		{A1A2DCA2-4515-4F64-BE44-ED567ECF74E8}.Debug|iPhone.ActiveCfg = Debug|Any CPU
		{A1A2DCA2-4515-4F64-BE44-ED567ECF74E8}.Debug|iPhone.Build.0 = Debug|Any CPU
		{A1A2DCA2-4515-4F64-BE44-ED567ECF74E8}.Debug|iPhone.Deploy.0 = Debug|Any CPU
		{A1A2DCA2-4515-4F64-BE44-ED567ECF74E8}.Debug|iPhoneSimulator.ActiveCfg = Debug|Any CPU
		{A1A2DCA2-4515-4F64-BE44-ED567ECF74E8}.Debug|iPhoneSimulator.Build.0 = Debug|Any CPU
		{A1A2DCA2-4515-4F64-BE44-ED567ECF74E8}.Debug|iPhoneSimulator.Deploy.0 = Debug|Any CPU
		{A1A2DCA2-4515-4F64-BE44-ED567ECF74E8}.Release|Any CPU.ActiveCfg = Release|Any CPU
		{A1A2DCA2-4515-4F64-BE44-ED567ECF74E8}.Release|Any CPU.Build.0 = Release|Any CPU
		{A1A2DCA2-4515-4F64-BE44-ED567ECF74E8}.Release|Any CPU.Deploy.0 = Release|Any CPU
		{A1A2DCA2-4515-4F64-BE44-ED567ECF74E8}.Release|iPhone.ActiveCfg = Release|Any CPU
		{A1A2DCA2-4515-4F64-BE44-ED567ECF74E8}.Release|iPhone.Build.0 = Release|Any CPU
		{A1A2DCA2-4515-4F64-BE44-ED567ECF74E8}.Release|iPhone.Deploy.0 = Release|Any CPU
		{A1A2DCA2-4515-4F64-BE44-ED567ECF74E8}.Release|iPhoneSimulator.ActiveCfg = Release|Any CPU
		{A1A2DCA2-4515-4F64-BE44-ED567ECF74E8}.Release|iPhoneSimulator.Build.0 = Release|Any CPU
		{A1A2DCA2-4515-4F64-BE44-ED567ECF74E8}.Release|iPhoneSimulator.Deploy.0 = Release|Any CPU
		{A3F6DA9E-AB64-4B71-911C-ED04B9AA5C37}.Debug|Any CPU.ActiveCfg = Debug|iPhone
		{A3F6DA9E-AB64-4B71-911C-ED04B9AA5C37}.Debug|Any CPU.Build.0 = Debug|iPhone
		{A3F6DA9E-AB64-4B71-911C-ED04B9AA5C37}.Debug|Any CPU.Deploy.0 = Debug|iPhone
		{A3F6DA9E-AB64-4B71-911C-ED04B9AA5C37}.Debug|iPhone.ActiveCfg = Debug|iPhone
		{A3F6DA9E-AB64-4B71-911C-ED04B9AA5C37}.Debug|iPhone.Build.0 = Debug|iPhone
		{A3F6DA9E-AB64-4B71-911C-ED04B9AA5C37}.Debug|iPhone.Deploy.0 = Debug|iPhone
		{A3F6DA9E-AB64-4B71-911C-ED04B9AA5C37}.Debug|iPhoneSimulator.ActiveCfg = Debug|iPhoneSimulator
		{A3F6DA9E-AB64-4B71-911C-ED04B9AA5C37}.Debug|iPhoneSimulator.Build.0 = Debug|iPhoneSimulator
		{A3F6DA9E-AB64-4B71-911C-ED04B9AA5C37}.Debug|iPhoneSimulator.Deploy.0 = Debug|iPhoneSimulator
		{A3F6DA9E-AB64-4B71-911C-ED04B9AA5C37}.Release|Any CPU.ActiveCfg = Release|iPhoneSimulator
		{A3F6DA9E-AB64-4B71-911C-ED04B9AA5C37}.Release|Any CPU.Build.0 = Release|iPhoneSimulator
		{A3F6DA9E-AB64-4B71-911C-ED04B9AA5C37}.Release|Any CPU.Deploy.0 = Release|iPhoneSimulator
		{A3F6DA9E-AB64-4B71-911C-ED04B9AA5C37}.Release|iPhone.ActiveCfg = Release|iPhone
		{A3F6DA9E-AB64-4B71-911C-ED04B9AA5C37}.Release|iPhone.Build.0 = Release|iPhone
		{A3F6DA9E-AB64-4B71-911C-ED04B9AA5C37}.Release|iPhone.Deploy.0 = Release|iPhone
		{A3F6DA9E-AB64-4B71-911C-ED04B9AA5C37}.Release|iPhoneSimulator.ActiveCfg = Release|iPhoneSimulator
		{A3F6DA9E-AB64-4B71-911C-ED04B9AA5C37}.Release|iPhoneSimulator.Build.0 = Release|iPhoneSimulator
		{A3F6DA9E-AB64-4B71-911C-ED04B9AA5C37}.Release|iPhoneSimulator.Deploy.0 = Release|iPhoneSimulator
		{25657187-6F75-4422-AF73-2EE7640CB9A8}.Debug|Any CPU.ActiveCfg = Debug|Any CPU
		{25657187-6F75-4422-AF73-2EE7640CB9A8}.Debug|Any CPU.Build.0 = Debug|Any CPU
		{25657187-6F75-4422-AF73-2EE7640CB9A8}.Debug|Any CPU.Deploy.0 = Debug|Any CPU
		{25657187-6F75-4422-AF73-2EE7640CB9A8}.Debug|iPhone.ActiveCfg = Debug|Any CPU
		{25657187-6F75-4422-AF73-2EE7640CB9A8}.Debug|iPhone.Build.0 = Debug|Any CPU
		{25657187-6F75-4422-AF73-2EE7640CB9A8}.Debug|iPhone.Deploy.0 = Debug|Any CPU
		{25657187-6F75-4422-AF73-2EE7640CB9A8}.Debug|iPhoneSimulator.ActiveCfg = Debug|Any CPU
		{25657187-6F75-4422-AF73-2EE7640CB9A8}.Debug|iPhoneSimulator.Build.0 = Debug|Any CPU
		{25657187-6F75-4422-AF73-2EE7640CB9A8}.Debug|iPhoneSimulator.Deploy.0 = Debug|Any CPU
		{25657187-6F75-4422-AF73-2EE7640CB9A8}.Release|Any CPU.ActiveCfg = Release|Any CPU
		{25657187-6F75-4422-AF73-2EE7640CB9A8}.Release|Any CPU.Build.0 = Release|Any CPU
		{25657187-6F75-4422-AF73-2EE7640CB9A8}.Release|Any CPU.Deploy.0 = Release|Any CPU
		{25657187-6F75-4422-AF73-2EE7640CB9A8}.Release|iPhone.ActiveCfg = Release|Any CPU
		{25657187-6F75-4422-AF73-2EE7640CB9A8}.Release|iPhone.Build.0 = Release|Any CPU
		{25657187-6F75-4422-AF73-2EE7640CB9A8}.Release|iPhone.Deploy.0 = Release|Any CPU
		{25657187-6F75-4422-AF73-2EE7640CB9A8}.Release|iPhoneSimulator.ActiveCfg = Release|Any CPU
		{25657187-6F75-4422-AF73-2EE7640CB9A8}.Release|iPhoneSimulator.Build.0 = Release|Any CPU
		{25657187-6F75-4422-AF73-2EE7640CB9A8}.Release|iPhoneSimulator.Deploy.0 = Release|Any CPU
	EndGlobalSection
	GlobalSection(SolutionProperties) = preSolution
		HideSolutionNode = FALSE
	EndGlobalSection
	GlobalSection(ExtensibilityGlobals) = postSolution
		SolutionGuid = {4FEE6141-79A2-461C-B9E2-9AA7A4FDA543}
	EndGlobalSection
EndGlobal
